
Microsoft Visual Studio Solution File, Format Version 12.00
# Visual Studio Version 17
VisualStudioVersion = 17.1.32319.34
MinimumVisualStudioVersion = 10.0.40219.1
Project("{2150E333-8FDC-42A3-9474-1A3956D46DE8}") = "src", "src", "{2B5E7B24-B830-4134-86D1-11C6C85B787B}"
EndProject
Project("{2150E333-8FDC-42A3-9474-1A3956D46DE8}") = "tests", "tests", "{D903957A-0094-4C95-B62A-7BF9D9BC0032}"
EndProject
Project("{9A19103F-16F7-4668-BE54-9A1E7A4F7556}") = "consumer", "src\consumer.csproj", "{88919FE9-7EC1-476A-876E-5C8D485A7C4E}"
EndProject
Project("{9A19103F-16F7-4668-BE54-9A1E7A4F7556}") = "tests", "tests\tests.csproj", "{DC878AC5-CDFD-46CC-BE97-FA90B478120B}"
EndProject
Project("{2150E333-8FDC-42A3-9474-1A3956D46DE8}") = "Solution Items", "Solution Items", "{44800571-3580-4796-A1F6-6179ECB6B208}"
	ProjectSection(SolutionItems) = preProject
		.editorconfig = .editorconfig
		.github\workflows\build.yml = .github\workflows\build.yml
		pactflow\github-commit-status-webhook.json = pactflow\github-commit-status-webhook.json
		Makefile = Makefile
		.github\workflows\trigger_partner_docs_update.yml = .github\workflows\trigger_partner_docs_update.yml
	EndProjectSection
EndProject
Global
	GlobalSection(SolutionConfigurationPlatforms) = preSolution
		Debug|Any CPU = Debug|Any CPU
		Release|Any CPU = Release|Any CPU
	EndGlobalSection
	GlobalSection(ProjectConfigurationPlatforms) = postSolution
		{88919FE9-7EC1-476A-876E-5C8D485A7C4E}.Debug|Any CPU.ActiveCfg = Debug|Any CPU
		{88919FE9-7EC1-476A-876E-5C8D485A7C4E}.Debug|Any CPU.Build.0 = Debug|Any CPU
		{88919FE9-7EC1-476A-876E-5C8D485A7C4E}.Release|Any CPU.ActiveCfg = Release|Any CPU
		{88919FE9-7EC1-476A-876E-5C8D485A7C4E}.Release|Any CPU.Build.0 = Release|Any CPU
		{DC878AC5-CDFD-46CC-BE97-FA90B478120B}.Debug|Any CPU.ActiveCfg = Debug|Any CPU
		{DC878AC5-CDFD-46CC-BE97-FA90B478120B}.Debug|Any CPU.Build.0 = Debug|Any CPU
		{DC878AC5-CDFD-46CC-BE97-FA90B478120B}.Release|Any CPU.ActiveCfg = Release|Any CPU
		{DC878AC5-CDFD-46CC-BE97-FA90B478120B}.Release|Any CPU.Build.0 = Release|Any CPU
	EndGlobalSection
	GlobalSection(SolutionProperties) = preSolution
		HideSolutionNode = FALSE
	EndGlobalSection
	GlobalSection(NestedProjects) = preSolution
		{88919FE9-7EC1-476A-876E-5C8D485A7C4E} = {2B5E7B24-B830-4134-86D1-11C6C85B787B}
		{DC878AC5-CDFD-46CC-BE97-FA90B478120B} = {D903957A-0094-4C95-B62A-7BF9D9BC0032}
	EndGlobalSection
	GlobalSection(ExtensibilityGlobals) = postSolution
		SolutionGuid = {7951640E-0763-4D82-86BA-5E95D2374116}
	EndGlobalSection
EndGlobal
